// !$*UTF8*$!
{
	archiveVersion = 1;
	classes = {
	};
	objectVersion = 77;
	objects = {

/* Begin PBXBuildFile section */
		55CAEB0203B1D1200394570 /* StudyTimerWidget.swift in Sources */ = {isa = PBXBuildFile; fileRef = 55CAEB0603B1D1200394570 /* StudyTimerWidget.swift */; };
		55CAEB0403B1D1200394570 /* StudyTimerWidget.appex in Embed App Extensions */ = {isa = PBXBuildFile; fileRef = 55CAEB0103B1D1200394570 /* StudyTimerWidget.appex */; settings = {ATTRIBUTES = (CodeSignOnCopy, RemoveHeadersOnCopy, ); }; };
/* End PBXBuildFile section */

/* Begin PBXContainerItemProxy section */
		55CAEB0A03B1D1200394570 /* PBXContainerItemProxy */ = {
			isa = PBXContainerItemProxy;
			containerPortal = 55CAEADF303B1D1200394570 /* Project object */;
			proxyType = 1;
			remoteGlobalIDString = 55CAEB0B03B1D1200394570;
			remoteInfo = StudyTimerWidget;
		};
/* End PBXContainerItemProxy section */

/* Begin PBXCopyFilesBuildPhase section */
		55CAEB0503B1D1200394570 /* Embed App Extensions */ = {
			isa = PBXCopyFilesBuildPhase;
			buildActionMask = 2147483647;
			dstPath = "";
			dstSubfolderSpec = 13;
			files = (
				55CAEB0403B1D1200394570 /* StudyTimerWidget.appex in Embed App Extensions */,
			);
			name = "Embed App Extensions";
			runOnlyForDeploymentPostprocessing = 0;
		};
/* End PBXCopyFilesBuildPhase section */

/* Begin PBXFileReference section */
		55CAEAE7303B1D1200394570 /* StudyTimer.app */ = {isa = PBXFileReference; explicitFileType = wrapper.application; includeInIndex = 0; path = StudyTimer.app; sourceTree = BUILT_PRODUCTS_DIR; };
		55CAEB0103B1D1200394570 /* StudyTimerWidget.appex */ = {isa = PBXFileReference; explicitFileType = "wrapper.app-extension"; includeInIndex = 0; path = StudyTimerWidget.appex; sourceTree = BUILT_PRODUCTS_DIR; };
		55CAEB0603B1D1200394570 /* StudyTimerWidget.swift */ = {isa = PBXFileReference; lastKnownFileType = sourcecode.swift; path = StudyTimerWidget.swift; sourceTree = "<group>"; };
		55CAEB1303B1D1200394570 /* Info.plist */ = {isa = PBXFileReference; lastKnownFileType = text.plist.xml; path = Info.plist; sourceTree = "<group>"; };
/* End PBXFileReference section */

/* Begin PBXFileSystemSynchronizedRootGroup section */
		55CAEAE9303B1D1200394570 /* StudyTimer */ = {
			isa = PBXFileSystemSynchronizedRootGroup;
			path = StudyTimer;
			sourceTree = "<group>";
		};
/* End PBXFileSystemSynchronizedRootGroup section */

/* Begin PBXFrameworksBuildPhase section */
		55CAEAE4303B1D1200394570 /* Frameworks */ = {
			isa = PBXFrameworksBuildPhase;
			buildActionMask = 2147483647;
			files = (
			);
			runOnlyForDeploymentPostprocessing = 0;
		};
		55CAEB0E03B1D1200394570 /* Frameworks */ = {
			isa = PBXFrameworksBuildPhase;
			buildActionMask = 2147483647;
			files = (
			);
			runOnlyForDeploymentPostprocessing = 0;
		};
/* End PBXFrameworksBuildPhase section */

/* Begin PBXGroup section */
		55CAEADE303B1D1200394570 = {
			isa = PBXGroup;
			children = (
				55CAEAE9303B1D1200394570 /* StudyTimer */,
				55CAEB0803B1D1200394570 /* StudyTimerWidget */,
				55CAEAE8303B1D1200394570 /* Products */,
			);
			sourceTree = "<group>";
		};
		55CAEAE8303B1D1200394570 /* Products */ = {
			isa = PBXGroup;
			children = (
				55CAEAE7303B1D1200394570 /* StudyTimer.app */,
				55CAEB0103B1D1200394570 /* StudyTimerWidget.appex */,
			);
			name = Products;
			sourceTree = "<group>";
		};
		55CAEB0803B1D1200394570 /* StudyTimerWidget */ = {
			isa = PBXGroup;
			children = (
				55CAEB0603B1D1200394570 /* StudyTimerWidget.swift */,
				55CAEB1303B1D1200394570 /* Info.plist */,
			);
			path = StudyTimerWidget;
			sourceTree = "<group>";
		};
/* End PBXGroup section */

/* Begin PBXNativeTarget section */
		55CAEAE6303B1D1200394570 /* StudyTimer */ = {
			isa = PBXNativeTarget;
			buildConfigurationList = 55CAEAF2303B1D1400394570 /* Build configuration list for PBXNativeTarget "StudyTimer" */;
			buildPhases = (
				55CAEAE3303B1D1200394570 /* Sources */,
				55CAEAE4303B1D1200394570 /* Frameworks */,
				55CAEAE5303B1D1200394570 /* Resources */,
				55CAEB0503B1D1200394570 /* Embed App Extensions */,
			);
			buildRules = (
			);
			dependencies = (
				55CAEB0C03B1D1200394570 /* PBXTargetDependency */,
			);
			fileSystemSynchronizedGroups = (
				55CAEAE9303B1D1200394570 /* StudyTimer */,
			);
			name = StudyTimer;
			packageProductDependencies = (
			);
			productName = StudyTimer;
			productReference = 55CAEAE7303B1D1200394570 /* StudyTimer.app */;
			productType = "com.apple.product-type.application";
		};
		55CAEB0B03B1D1200394570 /* StudyTimerWidget */ = {
			isa = PBXNativeTarget;
			buildConfigurationList = 55CAEB1203B1D1400394570 /* Build configuration list for PBXNativeTarget "StudyTimerWidget" */;
			buildPhases = (
				55CAEB0D03B1D1200394570 /* Sources */,
				55CAEB0E03B1D1200394570 /* Frameworks */,
				55CAEB0F03B1D1200394570 /* Resources */,
			);
			buildRules = (
			);
			dependencies = (
			);
			name = StudyTimerWidget;
			productName = StudyTimerWidget;
			productReference = 55CAEB0103B1D1200394570 /* StudyTimerWidget.appex */;
			productType = "com.apple.product-type.app-extension";
		};
/* End PBXNativeTarget section */

/* Begin PBXProject section */
		55CAEADF303B1D1200394570 /* Project object */ = {
			isa = PBXProject;
			attributes = {
				BuildIndependentTargetsInParallel = 1;
				LastSwiftUpdateCheck = 2660;
				LastUpgradeCheck = 2660;
				TargetAttributes = {
					55CAEAE6303B1D1200394570 = {
						CreatedOnToolsVersion = 26.6;
					};
				};
			};
			buildConfigurationList = 55CAEAE2303B1D1200394570 /* Build configuration list for PBXProject "StudyTimer" */;
			developmentRegion = en;
			hasScannedForEncodings = 0;
			knownRegions = (
				en,
				Base,
			);
			mainGroup = 55CAEADE303B1D1200394570;
			minimizedProjectReferenceProxies = 1;
			preferredProjectObjectVersion = 77;
			productRefGroup = 55CAEAE8303B1D1200394570 /* Products */;
			projectDirPath = "";
			projectRoot = "";
			targets = (
				55CAEAE6303B1D1200394570 /* StudyTimer */,
				55CAEB0B03B1D1200394570 /* StudyTimerWidget */,
			);
		};
/* End PBXProject section */

/* Begin PBXResourcesBuildPhase section */
		55CAEAE5303B1D1200394570 /* Resources */ = {
			isa = PBXResourcesBuildPhase;
			buildActionMask = 2147483647;
			files = (
			);
			runOnlyForDeploymentPostprocessing = 0;
		};
		55CAEB0F03B1D1200394570 /* Resources */ = {
			isa = PBXResourcesBuildPhase;
			buildActionMask = 2147483647;
			files = (
			);
			runOnlyForDeploymentPostprocessing = 0;
		};
/* End PBXResourcesBuildPhase section */

/* Begin PBXSourcesBuildPhase section */
		55CAEAE3303B1D1200394570 /* Sources */ = {
			isa = PBXSourcesBuildPhase;
			buildActionMask = 2147483647;
			files = (
			);
			runOnlyForDeploymentPostprocessing = 0;
		};
		55CAEB0D03B1D1200394570 /* Sources */ = {
			isa = PBXSourcesBuildPhase;
			buildActionMask = 2147483647;
			files = (
				55CAEB0203B1D1200394570 /* StudyTimerWidget.swift in Sources */,
			);
			runOnlyForDeploymentPostprocessing = 0;
		};
/* End PBXSourcesBuildPhase section */

/* Begin PBXTargetDependency section */
		55CAEB0C03B1D1200394570 /* PBXTargetDependency */ = {
			isa = PBXTargetDependency;
			target = 55CAEB0B03B1D1200394570 /* StudyTimerWidget */;
			targetProxy = 55CAEB0A03B1D1200394570 /* PBXContainerItemProxy */;
		};
/* End PBXTargetDependency section */

/* Begin XCBuildConfiguration section */
		55CAEAF0303B1D1400394570 /* Debug */ = {
			isa = XCBuildConfiguration;
			buildSettings = {
				ALWAYS_SEARCH_USER_PATHS = NO;
				CLANG_ENABLE_MODULES = YES;
				CLANG_ENABLE_OBJC_ARC = YES;
				CODE_SIGN_STYLE = Automatic;
				DEVELOPMENT_TEAM = "";
				ENABLE_PREVIEWS = YES;
				GENERATE_INFOPLIST_FILE = YES;
				MACOSX_DEPLOYMENT_TARGET = 14.6;
				PRODUCT_BUNDLE_IDENTIFIER = com.bwnbits.studytimer;
				PRODUCT_NAME = "$(TARGET_NAME)";
				SDKROOT = macosx;
				SWIFT_VERSION = 5.0;
			};
			name = Debug;
		};
		55CAEAF1303B1D1400394570 /* Release */ = {
			isa = XCBuildConfiguration;
			buildSettings = {
				ALWAYS_SEARCH_USER_PATHS = NO;
				CLANG_ENABLE_MODULES = YES;
				CLANG_ENABLE_OBJC_ARC = YES;
				CODE_SIGN_STYLE = Automatic;
				DEVELOPMENT_TEAM = "";
				GENERATE_INFOPLIST_FILE = YES;
				MACOSX_DEPLOYMENT_TARGET = 14.6;
				PRODUCT_BUNDLE_IDENTIFIER = com.bwnbits.studytimer;
				PRODUCT_NAME = "$(TARGET_NAME)";
				SDKROOT = macosx;
				SWIFT_COMPILATION_MODE = wholemodule;
				SWIFT_VERSION = 5.0;
			};
			name = Release;
		};
		55CAEAF3303B1D1400394570 /* Debug */ = {
			isa = XCBuildConfiguration;
			buildSettings = {
				CODE_SIGN_STYLE = Manual;
				CURRENT_PROJECT_VERSION = 1;
				DEVELOPMENT_TEAM = "";
				ENABLE_APP_SANDBOX = YES;
				ENABLE_HARDENED_RUNTIME = YES;
				GENERATE_INFOPLIST_FILE = YES;
				ASSETCATALOG_COMPILER_APPICON_NAME = AppIcon;
				INFOPLIST_KEY_LSApplicationCategoryType = "public.app-category.productivity";
				MACOSX_DEPLOYMENT_TARGET = 14.6;
				MARKETING_VERSION = 1.5;
				PRODUCT_BUNDLE_IDENTIFIER = com.bwnbits.studytimer;
				PRODUCT_NAME = "$(TARGET_NAME)";
				SWIFT_VERSION = 5.0;
			};
			name = Debug;
		};
		55CAEAF4303B1D1400394570 /* Release */ = {
			isa = XCBuildConfiguration;
			buildSettings = {
				CODE_SIGN_STYLE = Manual;
				CURRENT_PROJECT_VERSION = 1;
				DEVELOPMENT_TEAM = "";
				ENABLE_APP_SANDBOX = YES;
				ENABLE_HARDENED_RUNTIME = YES;
				GENERATE_INFOPLIST_FILE = YES;
				ASSETCATALOG_COMPILER_APPICON_NAME = AppIcon;
				INFOPLIST_KEY_LSApplicationCategoryType = "public.app-category.productivity";
				MACOSX_DEPLOYMENT_TARGET = 14.6;
				MARKETING_VERSION = 1.5;
				PRODUCT_BUNDLE_IDENTIFIER = com.bwnbits.studytimer;
				PRODUCT_NAME = "$(TARGET_NAME)";
				SWIFT_VERSION = 5.0;
			};
			name = Release;
		};
		55CAEB1003B1D1400394570 /* Debug */ = {
			isa = XCBuildConfiguration;
			buildSettings = {
				CODE_SIGN_STYLE = Manual;
				DEVELOPMENT_TEAM = "";
				GENERATE_INFOPLIST_FILE = NO;
				INFOPLIST_FILE = StudyTimerWidget/Info.plist;
				MACOSX_DEPLOYMENT_TARGET = 14.6;
				PRODUCT_BUNDLE_IDENTIFIER = com.bwnbits.studytimer.widget.bwnbits2026;
				PRODUCT_NAME = "$(TARGET_NAME)";
				SKIP_INSTALL = YES;
				SWIFT_VERSION = 5.0;
			};
			name = Debug;
		};
		55CAEB1103B1D1400394570 /* Release */ = {
			isa = XCBuildConfiguration;
			buildSettings = {
				CODE_SIGN_STYLE = Manual;
				DEVELOPMENT_TEAM = "";
				GENERATE_INFOPLIST_FILE = NO;
				INFOPLIST_FILE = StudyTimerWidget/Info.plist;
				MACOSX_DEPLOYMENT_TARGET = 14.6;
				PRODUCT_BUNDLE_IDENTIFIER = com.bwnbits.studytimer.widget.bwnbits2026;
				PRODUCT_NAME = "$(TARGET_NAME)";
				SKIP_INSTALL = YES;
				SWIFT_COMPILATION_MODE = wholemodule;
				SWIFT_VERSION = 5.0;
			};
			name = Release;
		};
/* End XCBuildConfiguration section */

/* Begin XCConfigurationList section */
		55CAEAE2303B1D1200394570 /* Build configuration list for PBXProject "StudyTimer" */ = {
			isa = XCConfigurationList;
			buildConfigurations = (
				55CAEAF0303B1D1400394570 /* Debug */,
				55CAEAF1303B1D1400394570 /* Release */,
			);
			defaultConfigurationIsVisible = 0;
			defaultConfigurationName = Release;
		};
		55CAEAF2303B1D1400394570 /* Build configuration list for PBXNativeTarget "StudyTimer" */ = {
			isa = XCConfigurationList;
			buildConfigurations = (
				55CAEAF3303B1D1400394570 /* Debug */,
				55CAEAF4303B1D1400394570 /* Release */,
			);
			defaultConfigurationIsVisible = 0;
			defaultConfigurationName = Release;
		};
		55CAEB1203B1D1400394570 /* Build configuration list for PBXNativeTarget "StudyTimerWidget" */ = {
			isa = XCConfigurationList;
			buildConfigurations = (
				55CAEB1003B1D1400394570 /* Debug */,
				55CAEB1103B1D1400394570 /* Release */,
			);
			defaultConfigurationIsVisible = 0;
			defaultConfigurationName = Release;
		};
/* End XCConfigurationList section */
	};
	rootObject = 55CAEADF303B1D1200394570 /* Project object */;
}
